
Microsoft Visual Studio Solution File, Format Version 12.00
# Visual Studio Version 16
VisualStudioVersion = 16.0.32106.194
MinimumVisualStudioVersion = 10.0.40219.1
Project("{FAE04EC0-301F-11D3-BF4B-00C04F79EFBC}") = "Week_10_Assignment", "Week_10_Assignment.csproj", "{0A72351A-3B3B-4BDF-8C64-84DA3C2F0684}"
EndProject
Global
	GlobalSection(SolutionConfigurationPlatforms) = preSolution
		Debug|Any CPU = Debug|Any CPU
		Release|Any CPU = Release|Any CPU
	EndGlobalSection
	GlobalSection(ProjectConfigurationPlatforms) = postSolution
		{0A72351A-3B3B-4BDF-8C64-84DA3C2F0684}.Debug|Any CPU.ActiveCfg = Debug|Any CPU
		{0A72351A-3B3B-4BDF-8C64-84DA3C2F0684}.Debug|Any CPU.Build.0 = Debug|Any CPU
		{0A72351A-3B3B-4BDF-8C64-84DA3C2F0684}.Release|Any CPU.ActiveCfg = Release|Any CPU
		{0A72351A-3B3B-4BDF-8C64-84DA3C2F0684}.Release|Any CPU.Build.0 = Release|Any CPU
	EndGlobalSection
	GlobalSection(SolutionProperties) = preSolution
		HideSolutionNode = FALSE
	EndGlobalSection
	GlobalSection(ExtensibilityGlobals) = postSolution
		SolutionGuid = {EE905277-7BCB-47AF-B080-FE9D13282AC9}
	EndGlobalSection
EndGlobal
